
Microsoft Visual Studio Solution File, Format Version 12.00
# Visual Studio Version 16
VisualStudioVersion = 16.0.29411.138
MinimumVisualStudioVersion = 10.0.40219.1
Project("{FAE04EC0-301F-11D3-BF4B-00C04F79EFBC}") = "JoshUniversityWeb", "JoshUniversityWeb\JoshUniversityWeb.csproj", "{C94D9F08-3FCD-4935-983E-DAA31DC1E511}"
EndProject
Global
	GlobalSection(SolutionConfigurationPlatforms) = preSolution
		Debug|Any CPU = Debug|Any CPU
		Release|Any CPU = Release|Any CPU
	EndGlobalSection
	GlobalSection(ProjectConfigurationPlatforms) = postSolution
		{C94D9F08-3FCD-4935-983E-DAA31DC1E511}.Debug|Any CPU.ActiveCfg = Debug|Any CPU
		{C94D9F08-3FCD-4935-983E-DAA31DC1E511}.Debug|Any CPU.Build.0 = Debug|Any CPU
		{C94D9F08-3FCD-4935-983E-DAA31DC1E511}.Release|Any CPU.ActiveCfg = Release|Any CPU
		{C94D9F08-3FCD-4935-983E-DAA31DC1E511}.Release|Any CPU.Build.0 = Release|Any CPU
	EndGlobalSection
	GlobalSection(SolutionProperties) = preSolution
		HideSolutionNode = FALSE
	EndGlobalSection
	GlobalSection(ExtensibilityGlobals) = postSolution
		SolutionGuid = {F8B54646-2905-4F69-A099-AB4439DFEF9B}
	EndGlobalSection
EndGlobal
